
Microsoft Visual Studio Solution File, Format Version 12.00
# Visual Studio Version 17
VisualStudioVersion = 17.6.33723.286
MinimumVisualStudioVersion = 10.0.40219.1
Project("{FAE04EC0-301F-11D3-BF4B-00C04F79EFBC}") = "App2.Android", "App2\App2.Android\App2.Android.csproj", "{0C03C505-C36E-42FA-A23E-8935EC7AB3E6}"
EndProject
Project("{FAE04EC0-301F-11D3-BF4B-00C04F79EFBC}") = "App2", "App2\App2\App2.csproj", "{824A92F0-1D09-4EC2-B14E-E7BA90AA9906}"
EndProject
Global
	GlobalSection(SolutionConfigurationPlatforms) = preSolution
		Debug|Any CPU = Debug|Any CPU
		Release|Any CPU = Release|Any CPU
	EndGlobalSection
	GlobalSection(ProjectConfigurationPlatforms) = postSolution
		{0C03C505-C36E-42FA-A23E-8935EC7AB3E6}.Debug|Any CPU.ActiveCfg = Debug|Any CPU
		{0C03C505-C36E-42FA-A23E-8935EC7AB3E6}.Debug|Any CPU.Build.0 = Debug|Any CPU
		{0C03C505-C36E-42FA-A23E-8935EC7AB3E6}.Debug|Any CPU.Deploy.0 = Debug|Any CPU
		{0C03C505-C36E-42FA-A23E-8935EC7AB3E6}.Release|Any CPU.ActiveCfg = Release|Any CPU
		{0C03C505-C36E-42FA-A23E-8935EC7AB3E6}.Release|Any CPU.Build.0 = Release|Any CPU
		{0C03C505-C36E-42FA-A23E-8935EC7AB3E6}.Release|Any CPU.Deploy.0 = Release|Any CPU
		{824A92F0-1D09-4EC2-B14E-E7BA90AA9906}.Debug|Any CPU.ActiveCfg = Debug|Any CPU
		{824A92F0-1D09-4EC2-B14E-E7BA90AA9906}.Debug|Any CPU.Build.0 = Debug|Any CPU
		{824A92F0-1D09-4EC2-B14E-E7BA90AA9906}.Debug|Any CPU.Deploy.0 = Debug|Any CPU
		{824A92F0-1D09-4EC2-B14E-E7BA90AA9906}.Release|Any CPU.ActiveCfg = Release|Any CPU
		{824A92F0-1D09-4EC2-B14E-E7BA90AA9906}.Release|Any CPU.Build.0 = Release|Any CPU
		{824A92F0-1D09-4EC2-B14E-E7BA90AA9906}.Release|Any CPU.Deploy.0 = Release|Any CPU
	EndGlobalSection
	GlobalSection(SolutionProperties) = preSolution
		HideSolutionNode = FALSE
	EndGlobalSection
	GlobalSection(ExtensibilityGlobals) = postSolution
		SolutionGuid = {451BF954-5599-4E49-BE49-8C03BD441C0D}
	EndGlobalSection
EndGlobal
